# This file is automatically @generated by Cargo.
# It is not intended for manual editing.
version = 4

[[package]]
name = "vibe-rt"
version = "0.1.0"
source = "git+https://github.com/vibedOS/vibe-rt?rev=f14d41c3aa67f5808c94396788953448f58ccc62#f14d41c3aa67f5808c94396788953448f58ccc62"

[[package]]
name = "vibe-sh"
version = "0.1.0"
dependencies = [
 "vibe-rt",
]
