# This file is automatically @generated by Cargo.
# It is not intended for manual editing.
version = 4

[[package]]
name = "vibe-rt"
version = "0.1.0"
source = "git+https://github.com/vibedOS/vibe-rt?rev=ef39f48963bce8a8dffcbef4b028f96594416f33#ef39f48963bce8a8dffcbef4b028f96594416f33"

[[package]]
name = "vibe-sh"
version = "0.1.0"
dependencies = [
 "vibe-rt",
]
