# This file is automatically @generated by Cargo.
# It is not intended for manual editing.
version = 4

[[package]]
name = "vibe-rt"
version = "0.1.0"
source = "git+https://github.com/vibedOS/vibe-rt?rev=e975459347bef8f946395bfcb6a5326dc1417082#e975459347bef8f946395bfcb6a5326dc1417082"

[[package]]
name = "vibe-sh"
version = "0.1.0"
dependencies = [
 "vibe-rt",
]
